
Microsoft Visual Studio Solution File, Format Version 12.00
# Visual Studio 14
VisualStudioVersion = 14.0.25420.1
MinimumVisualStudioVersion = 10.0.40219.1
Project("{FAE04EC0-301F-11D3-BF4B-00C04F79EFBC}") = "Pos.Arquitetura.TrabalhoFinal.WebApi", "Pos.Arquitetura.TrabalhoFinal.WebApi\Pos.Arquitetura.TrabalhoFinal.WebApi.csproj", "{EAC982B7-D20B-43C1-8872-EF1CB24FF072}"
EndProject
Project("{FAE04EC0-301F-11D3-BF4B-00C04F79EFBC}") = "Pos.Arquitetura.TrabalhoFinal.WCF.Rest", "Pos.Arquitetura.TrabalhoFinal.WCF.Rest\Pos.Arquitetura.TrabalhoFinal.WCF.Rest.csproj", "{11509F69-5353-4124-96D2-DDA22032EAA0}"
EndProject
Project("{FAE04EC0-301F-11D3-BF4B-00C04F79EFBC}") = "Pos.Arquitetura.TrabalhoFinal.WebService", "Pos.Arquitetura.TrabalhoFinal.WebService\Pos.Arquitetura.TrabalhoFinal.WebService.csproj", "{EC60FE04-FBCD-4801-AAFF-59E40BE60073}"
EndProject
Project("{FAE04EC0-301F-11D3-BF4B-00C04F79EFBC}") = "Pos.Arquitetura.TrabalhoFinal.WCF.Banco", "Pos.Arquitetura.TrabalhoFinal.WCF.Banco\Pos.Arquitetura.TrabalhoFinal.WCF.Banco.csproj", "{5207692E-B32F-4453-8B82-EF1C87D40C01}"
EndProject
Project("{FAE04EC0-301F-11D3-BF4B-00C04F79EFBC}") = "Pos.Arquitetura.TrabalhoFinal.MSMQ", "Pos.Arquitetura.TrabalhoFinal.MSMQ\Pos.Arquitetura.TrabalhoFinal.MSMQ.csproj", "{5CA35749-B35C-405F-A09E-61F21382F156}"
EndProject
Project("{FAE04EC0-301F-11D3-BF4B-00C04F79EFBC}") = "Pos.Arquitetura.TrabalhoFinal.Shared", "Pos.Arquitetura.TrabalhoFinal.Shared\Pos.Arquitetura.TrabalhoFinal.Shared.csproj", "{BDF0A9A3-A626-414E-B80A-7399FC5B7BE7}"
EndProject
Project("{FAE04EC0-301F-11D3-BF4B-00C04F79EFBC}") = "Pos.Arquitetura.TrabalhoFinal.Data", "Pos.Arquitetura.TrabalhoFinal.Data\Pos.Arquitetura.TrabalhoFinal.Data.csproj", "{27D0373D-BA29-40F7-936F-66B7A2EA99EB}"
EndProject
Global
	GlobalSection(SolutionConfigurationPlatforms) = preSolution
		Debug|Any CPU = Debug|Any CPU
		Release|Any CPU = Release|Any CPU
	EndGlobalSection
	GlobalSection(ProjectConfigurationPlatforms) = postSolution
		{EAC982B7-D20B-43C1-8872-EF1CB24FF072}.Debug|Any CPU.ActiveCfg = Debug|Any CPU
		{EAC982B7-D20B-43C1-8872-EF1CB24FF072}.Debug|Any CPU.Build.0 = Debug|Any CPU
		{EAC982B7-D20B-43C1-8872-EF1CB24FF072}.Release|Any CPU.ActiveCfg = Release|Any CPU
		{EAC982B7-D20B-43C1-8872-EF1CB24FF072}.Release|Any CPU.Build.0 = Release|Any CPU
		{11509F69-5353-4124-96D2-DDA22032EAA0}.Debug|Any CPU.ActiveCfg = Debug|Any CPU
		{11509F69-5353-4124-96D2-DDA22032EAA0}.Debug|Any CPU.Build.0 = Debug|Any CPU
		{11509F69-5353-4124-96D2-DDA22032EAA0}.Release|Any CPU.ActiveCfg = Release|Any CPU
		{11509F69-5353-4124-96D2-DDA22032EAA0}.Release|Any CPU.Build.0 = Release|Any CPU
		{EC60FE04-FBCD-4801-AAFF-59E40BE60073}.Debug|Any CPU.ActiveCfg = Debug|Any CPU
		{EC60FE04-FBCD-4801-AAFF-59E40BE60073}.Debug|Any CPU.Build.0 = Debug|Any CPU
		{EC60FE04-FBCD-4801-AAFF-59E40BE60073}.Release|Any CPU.ActiveCfg = Release|Any CPU
		{EC60FE04-FBCD-4801-AAFF-59E40BE60073}.Release|Any CPU.Build.0 = Release|Any CPU
		{5207692E-B32F-4453-8B82-EF1C87D40C01}.Debug|Any CPU.ActiveCfg = Debug|Any CPU
		{5207692E-B32F-4453-8B82-EF1C87D40C01}.Debug|Any CPU.Build.0 = Debug|Any CPU
		{5207692E-B32F-4453-8B82-EF1C87D40C01}.Release|Any CPU.ActiveCfg = Release|Any CPU
		{5207692E-B32F-4453-8B82-EF1C87D40C01}.Release|Any CPU.Build.0 = Release|Any CPU
		{5CA35749-B35C-405F-A09E-61F21382F156}.Debug|Any CPU.ActiveCfg = Debug|Any CPU
		{5CA35749-B35C-405F-A09E-61F21382F156}.Debug|Any CPU.Build.0 = Debug|Any CPU
		{5CA35749-B35C-405F-A09E-61F21382F156}.Release|Any CPU.ActiveCfg = Release|Any CPU
		{5CA35749-B35C-405F-A09E-61F21382F156}.Release|Any CPU.Build.0 = Release|Any CPU
		{BDF0A9A3-A626-414E-B80A-7399FC5B7BE7}.Debug|Any CPU.ActiveCfg = Debug|Any CPU
		{BDF0A9A3-A626-414E-B80A-7399FC5B7BE7}.Debug|Any CPU.Build.0 = Debug|Any CPU
		{BDF0A9A3-A626-414E-B80A-7399FC5B7BE7}.Release|Any CPU.ActiveCfg = Release|Any CPU
		{BDF0A9A3-A626-414E-B80A-7399FC5B7BE7}.Release|Any CPU.Build.0 = Release|Any CPU
		{27D0373D-BA29-40F7-936F-66B7A2EA99EB}.Debug|Any CPU.ActiveCfg = Debug|Any CPU
		{27D0373D-BA29-40F7-936F-66B7A2EA99EB}.Debug|Any CPU.Build.0 = Debug|Any CPU
		{27D0373D-BA29-40F7-936F-66B7A2EA99EB}.Release|Any CPU.ActiveCfg = Release|Any CPU
		{27D0373D-BA29-40F7-936F-66B7A2EA99EB}.Release|Any CPU.Build.0 = Release|Any CPU
	EndGlobalSection
	GlobalSection(SolutionProperties) = preSolution
		HideSolutionNode = FALSE
	EndGlobalSection
	GlobalSection(ExtensibilityGlobals) = postSolution
		SolutionGuid = {863CDF8C-3B31-4947-AAFA-EB93BAE373B4}
	EndGlobalSection
EndGlobal
